<?xml version="1.0" encoding="UTF-8" standalone="yes" ?>
<CodeBlocks_project_file>
	<FileVersion major="1" minor="6" />
	<Project>
		<Option title="Arboles" />
		<Option pch_mode="2" />
		<Option compiler="gcc" />
		<Build>
			<Target title="Debug">
				<Option output="bin/Debug/Arboles" prefix_auto="1" extension_auto="1" />
				<Option object_output="obj/Debug/" />
				<Option type="1" />
				<Option compiler="gcc" />
				<Compiler>
					<Add option="-g" />
					<Add directory="include" />
				</Compiler>
			</Target>
			<Target title="Release">
				<Option output="bin/Release/Arboles" prefix_auto="1" extension_auto="1" />
				<Option object_output="obj/Release/" />
				<Option type="1" />
				<Option compiler="gcc" />
				<Compiler>
					<Add option="-O2" />
					<Add directory="include" />
				</Compiler>
				<Linker>
					<Add option="-s" />
				</Linker>
			</Target>
		</Build>
		<Compiler>
			<Add option="-Wall" />
			<Add option="-fexceptions" />
		</Compiler>
		<Unit filename="include/Binary_tree.h" />
		<Unit filename="include/Cola.h" />
		<Unit filename="include/Nodo.h" />
		<Unit filename="include/NodoT.h" />
		<Unit filename="include/NodoT2.h" />
		<Unit filename="include/Pila.h" />
		<Unit filename="include/avl_tree.h" />
		<Unit filename="include/binary_tree2.h" />
		<Unit filename="main.cpp" />
		<Unit filename="src/Binary_tree.cpp" />
		<Unit filename="src/Cola.cpp" />
		<Unit filename="src/Nodo.cpp" />
		<Unit filename="src/NodoT.cpp" />
		<Unit filename="src/NodoT2.cpp" />
		<Unit filename="src/Pila.cpp" />
		<Unit filename="src/binary_tree2.cpp" />
		<Extensions>
			<code_completion />
			<debugger />
		</Extensions>
	</Project>
</CodeBlocks_project_file>
